# THIS IS AN AUTOGENERATED FILE. DO NOT EDIT THIS FILE DIRECTLY.
assets/FontAwesome.otf:
  development: 2017-12-17T18:13:30+01:00   0d2717cd5d853e5c765ca032dfd41a4d
assets/ajax-cart.js.liquid:
  development: 2017-12-16T23:07:49+01:00   5089d437026dde38c1918ea91324d35a
assets/cart.js:
  development: 2017-12-18T00:36:02+01:00   23b7aa408dd7a856fe5c8a2ab24cd4f8
assets/cs-logo-white.svg:
  development: 2017-12-17T18:24:10+01:00   3c625fec3f3078795c199b203432b07f
assets/cs-logo-white0.svg:
  development: 2017-12-17T18:24:19+01:00   3c625fec3f3078795c199b203432b07f
assets/cs-logo.svg:
  development: 2017-12-17T18:05:35+01:00   7de047f4f9bd446dee45942b622ab49f
assets/custom.js:
  development: 2017-12-17T17:26:21+01:00   96c1c1f37f30718b130f65c01b556665
assets/design.css:
  development: 2017-12-17T23:16:42+01:00   b516159b57f30d0ab76696312871eab9
assets/fastclick.min.js:
  development: 2017-12-16T23:07:49+01:00   4c68290ccc4d503561895dff0821621f
assets/font-awesome.css:
  development: 2017-12-17T18:14:32+01:00   22d64b3ecdb061be04e177f7930ce4f0
assets/font-awesome.min.css:
  development: 2017-12-17T18:14:32+01:00   a340a2350d2ee6ca8b65e39f9225b8e0
assets/fontawesome-webfont.eot:
  development: 2017-12-17T18:13:29+01:00   674f50d287a8c48dc19ba404d20fe713
assets/fontawesome-webfont.svg:
  development: 2017-12-17T18:13:31+01:00   912ec66d7572ff821749319396470bde
assets/fontawesome-webfont.ttf:
  development: 2017-12-17T18:13:32+01:00   b06871f281fee6b241d60582ae9369b9
assets/fontawesome-webfont.woff:
  development: 2017-12-17T18:13:33+01:00   fee66e712a8a08eef5805a46892932ad
assets/fontawesome-webfont.woff2:
  development: 2017-12-17T18:13:34+01:00   af7ae505a9eed503f8b8e6982036873e
assets/gift-card.scss.liquid:
  development: 2017-12-16T23:07:49+01:00   c4d99d6414af35760c5112b609962e87
assets/handlebars.min.js:
  development: 2017-12-16T23:07:49+01:00   b3c11508a224ee83f86e2fc6491e9751
assets/home-product-slideshow.js:
  development: 2017-12-17T19:46:40+01:00   0f361e1248bdbc1b89fc3771cc53e4d1
assets/ico-select.svg.liquid:
  development: 2017-12-16T23:07:49+01:00   9c9cc5a57cc74a0a64c2f62b1370a920
assets/icons.eot:
  development: 2017-12-16T23:07:49+01:00   6499aa740322bffbb6e26ebadf450c4a
assets/icons.json:
  development: 2017-12-16T23:07:49+01:00   6f9018585c3e215e29cef8e390091787
assets/icons.svg:
  development: 2017-12-16T23:07:49+01:00   1f568afd815839eae6eb796a52a497a6
assets/icons.ttf:
  development: 2017-12-16T23:07:49+01:00   0678272006d7b08a523ae6973a72d181
assets/icons.woff:
  development: 2017-12-16T23:07:49+01:00   6d64bee3b4d239a6cf6af98045a95954
assets/instafeed-custom.js:
  development: 2017-12-17T20:45:49+01:00   0f5b02efe8f6dbbf23c22c283965b432
assets/instafeed.min.js:
  development: 2017-12-17T17:26:30+01:00   1b9d5439b41e462220f9e6937df15b60
assets/logo-black.png:
  development: 2017-12-17T17:51:02+01:00   fb9cf97149837f43c5ce3e76156ef92d
assets/logo-white.png:
  development: 2017-12-17T17:51:02+01:00   69edc1947d01493b61cc383988da04a8
assets/materialize.css:
  development: 2017-12-17T17:33:19+01:00   482e4a71b3e3035a383d6ba23b04d829
assets/materialize.js:
  development: 2017-12-17T17:26:43+01:00   6c0a2223a1daf8c2d3dc0079685d503f
assets/materialize.min.css:
  development: 2017-12-17T17:33:17+01:00   91593cd27ac02d9f428c5b37571a3951
assets/materialize.min.js:
  development: 2017-12-17T17:26:46+01:00   e98efeec88f756629f42e58b1e11acaa
assets/modernizr.min.js:
  development: 2017-12-16T23:07:49+01:00   dc21cffad945a84cbbe770d52b1a0ded
assets/quote-bg.png:
  development: 2017-12-17T20:12:45+01:00   550e50bf6d2882aef270bdcbd634c32d
assets/respond-proxy.html:
  development: 2017-12-16T23:07:49+01:00   75002d74a330bff6bf069284da503b4c
assets/respond.min.js:
  development: 2017-12-16T23:07:49+01:00   a2684e9b8fa50d6d11c56a9ada068528
assets/reveal-custom.js:
  development: 2017-12-17T17:26:50+01:00   dc72f1b2de9131f7ac28aa26f3d99cc6
assets/scrollreveal.min.js:
  development: 2017-12-17T17:25:44+01:00   5deb4348d63c0bfbce81c338d35db100
assets/timber.js.liquid:
  development: 2017-12-16T23:07:50+01:00   8663e17d15e94386b5d6fb7c3e44b0bf
assets/timber.scss.liquid:
  development: 2017-12-16T23:07:50+01:00   ba59f53b6ce2656fb2abd9eedb901fe2
config/settings_data.json:
  development: 2017-12-16T23:07:48+01:00   fe75d34743f726c8bb511205c7273fc5
config/settings_schema.json:
  development: 2017-12-16T23:07:50+01:00   4de50d8b26c23ea835a23162e448572d
layout/theme.liquid:
  development: 2017-12-18T00:51:49+01:00   da4c47a114afda874e108c052176a7b5
locales/de.json:
  development: 2017-12-16T23:07:50+01:00   585899bd4424d43afa93b72083a5aa0e
locales/en.default.json:
  development: 2017-12-16T23:07:50+01:00   0a791f30da40a2af3f9b331f7d3ec7fe
locales/es.json:
  development: 2017-12-16T23:07:50+01:00   e1095d0bd282d98ace9c18e5973bb6bf
locales/fr.json:
  development: 2017-12-16T23:07:50+01:00   95311e190dd74a4665d004f60dda8ad2
locales/pt-BR.json:
  development: 2017-12-16T23:07:50+01:00   3bc832b43077ef1681f2fe4be3eda8c9
locales/pt-PT.json:
  development: 2017-12-16T23:07:50+01:00   6ddf443592f389ff55aa739569736f47
snippets/ajax-cart-template.liquid:
  development: 2017-12-16T23:07:50+01:00   e6fa15367ab47a164d9dc8e47353c684
snippets/blog-sidebar.liquid:
  development: 2017-12-16T23:07:50+01:00   ae3891e372509ded7074e50b2a97f438
snippets/breadcrumb.liquid:
  development: 2017-12-16T23:07:50+01:00   7bf89ebc6f2f46288fa59aa305a42514
snippets/collection-sidebar.liquid:
  development: 2017-12-16T23:07:50+01:00   b53274904cf2b47ce2fb4c3e6d632bb3
snippets/collection-sorting.liquid:
  development: 2017-12-16T23:07:50+01:00   d369d2d4697110800946220909e8ecf8
snippets/comment.liquid:
  development: 2017-12-16T23:07:50+01:00   c766e42be8a74e05533d0e5a0e3a9ce3
snippets/oldIE-js.liquid:
  development: 2017-12-16T23:07:50+01:00   1197cc7109944206a600ed5caaef6a6f
snippets/onboarding-empty-collection.liquid:
  development: 2017-12-16T23:07:50+01:00   b25d81b4ba1c3e279fa58a5aade16b43
snippets/onboarding-featured-collections.liquid:
  development: 2017-12-16T23:07:50+01:00   63d3e42eb5e78f32bdd7d7bb96c2aa81
snippets/onboarding-featured-products.liquid:
  development: 2017-12-16T23:07:50+01:00   6a32fc5786e0f1dc98a1f75897fca8b3
snippets/product-grid-item.liquid:
  development: 2017-12-16T23:07:50+01:00   5c056a854988fba46c535845cd5aeba1
snippets/respond.liquid:
  development: 2017-12-16T23:07:50+01:00   ca6abf0635dc2ad8c6bd377f83c79f6b
snippets/search-bar.liquid:
  development: 2017-12-16T23:07:50+01:00   733af687725a8174f1348c58f0d5a3e4
snippets/social-meta-tags.liquid:
  development: 2017-12-16T23:07:50+01:00   e7c97d7cb76c7925dd144dfb7b188cac
snippets/tags-article.liquid:
  development: 2017-12-16T23:07:50+01:00   52bc59a44a51be2f1745559c2ba514a2
templates/404.liquid:
  development: 2017-12-16T23:11:08+01:00   44a6b0129de575e7085a047bc2096a76
templates/article.liquid:
  development: 2017-12-16T23:07:50+01:00   ff67120cd7978f6390cdb79827f34d02
templates/blog.liquid:
  development: 2017-12-16T23:07:50+01:00   2d2ff4bd1bf2ef7ce2b889d6a95c6f74
templates/cart.liquid:
  development: 2017-12-16T23:07:50+01:00   49bbbe1b3bda19110f7e72abc158bb91
templates/collection.liquid:
  development: 2017-12-16T23:07:50+01:00   c4a0532ffb42396661303a7fc87bd12d
templates/collection.list.liquid:
  development: 2017-12-16T23:07:50+01:00   a1f281a34a1926f2c6d010dbbdeee210
templates/customers/account.liquid:
  development: 2017-12-16T23:07:50+01:00   da9e3584ef6699ac5c811b73b42c58db
templates/customers/activate_account.liquid:
  development: 2017-12-16T23:07:50+01:00   d92bfce42f05a75de2f61cb6ba433e69
templates/customers/addresses.liquid:
  development: 2017-12-16T23:07:50+01:00   998f4a7deb6a33d014cbc3f0075b8050
templates/customers/login.liquid:
  development: 2017-12-16T23:07:50+01:00   e292c0a273f17c7835d558e1b61149cf
templates/customers/order.liquid:
  development: 2017-12-16T23:07:50+01:00   e3ec01e9286bf4daa7b5a3a7bbe8479c
templates/customers/register.liquid:
  development: 2017-12-16T23:07:50+01:00   77a294477ea2d6de5861f583e2a05051
templates/customers/reset_password.liquid:
  development: 2017-12-16T23:07:50+01:00   66ba7b680ca26b2eba0f162d4122d94c
templates/gift_card.liquid:
  development: 2017-12-16T23:07:50+01:00   c1ae0f8232e003fac57213d1353e513c
templates/index.liquid:
  development: 2017-12-18T00:16:41+01:00   c433b0f2cc836d671410ff269c2fc0ed
templates/list-collections.liquid:
  development: 2017-12-16T23:07:50+01:00   380da281c4820602d95334029b03aa84
templates/page.contact.liquid:
  development: 2017-12-16T23:07:50+01:00   1d694a5be30bd64695b503c2d4b928dc
templates/page.liquid:
  development: 2017-12-16T23:07:50+01:00   32faec183321b6d7d9b4197ec3e05575
templates/product.liquid:
  development: 2017-12-16T23:07:50+01:00   d28aa955b34f4dfe8819338f15981de2
templates/search.liquid:
  development: 2017-12-16T23:07:50+01:00   3926b96d4d14c2cd8409e56f7cc6d6e0
