# THIS IS AN AUTOGENERATED FILE. DO NOT EDIT THIS FILE DIRECTLY.
assets/FontAwesome.otf:
  development: 2017-12-17T18:13:30+01:00   0d2717cd5d853e5c765ca032dfd41a4d
assets/ajax-cart.js.liquid:
  development: 2017-12-18T01:07:57+01:00   4e40bdd33fc6e7dd52fc462a612c01ea
assets/cart.js:
  development: 2017-12-19T19:59:33+01:00   e2674001dccae5f70a1e5bf9f5f6c1ce
assets/cs-logo-white.svg:
  development: 2017-12-18T01:08:09+01:00   9cd37d730578a55d1ed35c11301a669a
assets/cs-logo-white0.svg:
  development: 2017-12-18T01:08:10+01:00   9cd37d730578a55d1ed35c11301a669a
assets/cs-logo.svg:
  development: 2017-12-18T01:07:48+01:00   042a753de9d69f0446dcfde09d0a0cbf
assets/custom.js:
  development: 2017-12-19T14:48:07+01:00   fdfb9a822d7c173a690dc93128c898fa
assets/customer-account.css:
  development: 2017-12-19T03:22:40+01:00   dc2cd71f84ca21e05dcc86b587363395
assets/design.css:
  development: 2017-12-19T19:46:48+01:00   54a53ff3149f2c21bbd76d7ed604e3aa
assets/fastclick.min.js:
  development: 2017-12-18T01:07:56+01:00   351621492ae61c2d0a351b4a96e19bff
assets/font-awesome.css:
  development: 2017-12-18T01:08:12+01:00   455ffdad95c67c3b0ec8efb4423b82bd
assets/font-awesome.min.css:
  development: 2017-12-18T01:08:07+01:00   abb9ace4168b50d7f81133a1f5a5ed0d
assets/fontawesome-webfont.eot:
  development: 2017-12-17T18:13:29+01:00   674f50d287a8c48dc19ba404d20fe713
assets/fontawesome-webfont.svg:
  development: 2017-12-18T01:07:55+01:00   acf3dcb7ff752b5296ca23ba2c7c2606
assets/fontawesome-webfont.ttf:
  development: 2017-12-17T18:13:32+01:00   b06871f281fee6b241d60582ae9369b9
assets/fontawesome-webfont.woff:
  development: 2017-12-17T18:13:33+01:00   fee66e712a8a08eef5805a46892932ad
assets/fontawesome-webfont.woff2:
  development: 2017-12-17T18:13:34+01:00   af7ae505a9eed503f8b8e6982036873e
assets/gift-card.scss.liquid:
  development: 2017-12-18T01:07:48+01:00   de88a992b0b9d920d8685e34b7be4c2b
assets/handlebars.min.js:
  development: 2017-12-18T01:08:02+01:00   bbdc800cc5783cc9c0e5fdd47196d506
assets/home-product-slideshow.js:
  development: 2017-12-18T01:08:15+01:00   88ffa032275091900a5dceca2e2a1411
assets/ico-select.svg.liquid:
  development: 2017-12-16T23:07:49+01:00   9c9cc5a57cc74a0a64c2f62b1370a920
assets/icons.eot:
  development: 2017-12-16T23:07:49+01:00   6499aa740322bffbb6e26ebadf450c4a
assets/icons.json:
  development: 2017-12-16T23:07:49+01:00   6f9018585c3e215e29cef8e390091787
assets/icons.svg:
  development: 2017-12-18T01:07:54+01:00   f9fe010cba47984f7f437aeeab2cb53a
assets/icons.ttf:
  development: 2017-12-16T23:07:49+01:00   0678272006d7b08a523ae6973a72d181
assets/icons.woff:
  development: 2017-12-16T23:07:49+01:00   6d64bee3b4d239a6cf6af98045a95954
assets/instafeed-custom.js:
  development: 2017-12-18T01:07:54+01:00   27622d4374c0536e73bba0bb1b90d83c
assets/instafeed.min.js:
  development: 2017-12-18T01:08:00+01:00   a5201dfe23d5a3c2cc3d9e71c601a346
assets/logo-black.png:
  development: 2017-12-17T17:51:02+01:00   fb9cf97149837f43c5ce3e76156ef92d
assets/logo-white.png:
  development: 2017-12-17T17:51:02+01:00   69edc1947d01493b61cc383988da04a8
assets/materialize.css:
  development: 2017-12-18T01:08:11+01:00   aed6ad5d647202df07261c3502bec15c
assets/materialize.js:
  development: 2017-12-18T01:08:05+01:00   38de72592b09b35b61ac49ebf1eba54b
assets/materialize.min.css:
  development: 2017-12-18T01:08:03+01:00   2e136dc4c9214e1d0348884bac354750
assets/materialize.min.js:
  development: 2017-12-18T01:08:02+01:00   72604b4dd26e411dd6d7290b9f6c1d9c
assets/modernizr.min.js:
  development: 2017-12-18T01:08:08+01:00   ab2abefe8877efc3f058844353d4088a
assets/quote-bg.png:
  development: 2017-12-17T20:12:45+01:00   550e50bf6d2882aef270bdcbd634c32d
assets/respond-proxy.html:
  development: 2017-12-18T01:07:49+01:00   7c5a4fb84c754b3a27645538a8329d05
assets/respond.min.js:
  development: 2017-12-18T01:08:17+01:00   9d629d7bc73780291499c6c0738e38dd
assets/reveal-custom.js:
  development: 2017-12-18T01:07:59+01:00   dd6ffe4278058200b4f0966733f1d07b
assets/scrollreveal.min.js:
  development: 2017-12-17T17:25:44+01:00   5deb4348d63c0bfbce81c338d35db100
assets/timber.js.liquid:
  development: 2017-12-18T01:07:56+01:00   5362acc3be2e27a241b559dc6b364ad0
assets/timber.scss.liquid:
  development: 2017-12-18T01:08:15+01:00   f96f16d5d20518e1503cb8ca6eb4b06b
config/settings_data.json:
  development: 2017-12-18T01:08:18+01:00   fe75d34743f726c8bb511205c7273fc5
config/settings_schema.json:
  development: 2017-12-16T23:07:50+01:00   4de50d8b26c23ea835a23162e448572d
layout/theme.liquid:
  development: 2017-12-19T20:08:19+01:00   1a5a089f0a05e203302d4c188fc5cca7
locales/de.json:
  development: 2017-12-16T23:07:50+01:00   585899bd4424d43afa93b72083a5aa0e
locales/en.default.json:
  development: 2017-12-16T23:07:50+01:00   0a791f30da40a2af3f9b331f7d3ec7fe
locales/es.json:
  development: 2017-12-16T23:07:50+01:00   e1095d0bd282d98ace9c18e5973bb6bf
locales/fr.json:
  development: 2017-12-16T23:07:50+01:00   95311e190dd74a4665d004f60dda8ad2
locales/pt-BR.json:
  development: 2017-12-16T23:07:50+01:00   3bc832b43077ef1681f2fe4be3eda8c9
locales/pt-PT.json:
  development: 2017-12-16T23:07:50+01:00   6ddf443592f389ff55aa739569736f47
snippets/ajax-cart-template.liquid:
  development: 2017-12-18T01:08:13+01:00   00f09a9ef829f97e9750292e5197ad8e
snippets/blog-sidebar.liquid:
  development: 2017-12-18T01:08:00+01:00   794f6de960d667374cbfa17aedfefc94
snippets/breadcrumb.liquid:
  development: 2017-12-18T01:07:51+01:00   e4d765aa8bb6d50d9a41b78c3625a3d4
snippets/collection-sidebar.liquid:
  development: 2017-12-18T01:08:10+01:00   2ea54e24054f655c29e1000f880c26ef
snippets/collection-sorting.liquid:
  development: 2017-12-18T01:08:18+01:00   1601a7f1fc9a23a456536806910bcb72
snippets/comment.liquid:
  development: 2017-12-18T01:07:51+01:00   1cbde57d9124aa7debcea5993830905c
snippets/oldIE-js.liquid:
  development: 2017-12-18T01:08:13+01:00   50f0bcbd0535ef149184af2e856a5ff6
snippets/onboarding-empty-collection.liquid:
  development: 2017-12-18T01:07:53+01:00   df8556b4d573214ad1ecf1f47a7adda4
snippets/onboarding-featured-collections.liquid:
  development: 2017-12-18T01:08:14+01:00   4f5b26843c812a58a1b3c7ef4629fcd3
snippets/onboarding-featured-products.liquid:
  development: 2017-12-18T01:07:50+01:00   8be957f3c84b4e5e57666156eea9b834
snippets/product-grid-item.liquid:
  development: 2017-12-18T01:08:01+01:00   600c6a175dab24b691fd316b674119ac
snippets/respond.liquid:
  development: 2017-12-18T01:08:12+01:00   74cf1efdc4d02f96d49d9b04451c5111
snippets/search-bar.liquid:
  development: 2017-12-18T01:08:17+01:00   1fb82c62d84b5e79bfa827fb62a5b484
snippets/social-meta-tags.liquid:
  development: 2017-12-18T01:08:04+01:00   6f76b3e86b79cf3e752845c8cc48b0f4
snippets/tags-article.liquid:
  development: 2017-12-18T01:08:01+01:00   056f55f45e57558dc3bb0b90e0bd6b00
templates/404.liquid:
  development: 2017-12-18T01:08:16+01:00   9e41b94e71c0aefad333096d4a8f9e4a
templates/article.liquid:
  development: 2017-12-18T01:08:03+01:00   ad6422d4f82604785349cc3e69f01b01
templates/blog.liquid:
  development: 2017-12-18T01:08:04+01:00   26e84aa8bc723d9eed17666ac0cc2920
templates/cart.liquid:
  development: 2017-12-18T01:08:09+01:00   d9368ee462b81694ff0aa12f3268123e
templates/collection.liquid:
  development: 2017-12-18T15:15:16+01:00   44e43b990ecaab7319cb2be1b22afd08
templates/collection.list.liquid:
  development: 2017-12-18T01:08:11+01:00   c51b4d3eee14e122743c90e29c6944ff
templates/customers/account.liquid:
  development: 2017-12-19T20:00:46+01:00   ecd7bed941fb3304e4c5a421d9178224
templates/customers/activate_account.liquid:
  development: 2017-12-18T01:08:06+01:00   eed35d040b335252929cdd676f45ba1d
templates/customers/addresses.liquid:
  development: 2017-12-19T16:07:27+01:00   e82596a3add6d3a4b1f9cd082e53e13b
templates/customers/login.liquid:
  development: 2017-12-19T02:03:07+01:00   447d50326ff3d8975357addd39ae926d
templates/customers/order.liquid:
  development: 2017-12-18T01:08:11+01:00   5f1030b8877f933949c2904bac2a558e
templates/customers/register.liquid:
  development: 2017-12-18T01:07:55+01:00   d4d87e4d385f4f75fc9e5f098027fbff
templates/customers/reset_password.liquid:
  development: 2017-12-18T01:08:03+01:00   cdebaaf84dce59843d53376a2dfd5c90
templates/gift_card.liquid:
  development: 2017-12-18T01:07:56+01:00   8680feb518d7839ecbb90eccc3622bdd
templates/index.liquid:
  development: 2017-12-19T20:09:46+01:00   b1e3c05ff00e3b2dbaca409e31e3178c
templates/list-collections.liquid:
  development: 2017-12-18T01:08:05+01:00   49fdf96c3a13b2af2867a442b8b37739
templates/page.contact.liquid:
  development: 2017-12-18T01:08:16+01:00   d5d290cf35d5d9a85fad936168ace5f0
templates/page.liquid:
  development: 2017-12-18T01:08:14+01:00   b7a08fb1dc0fe5ccc8beb4c09779179c
templates/product.liquid:
  development: 2017-12-18T01:07:50+01:00   83ac2ccc16bce11cd3790097185be2ed
templates/search.liquid:
  development: 2017-12-18T01:08:02+01:00   710232015315384134b94747f5195bed
